
Microsoft Visual Studio Solution File, Format Version 12.00
# Visual Studio 2012
Project("{FAE04EC0-301F-11D3-BF4B-00C04F79EFBC}") = "ItsDangerous", "ItsDangerous\ItsDangerous.csproj", "{27DF63EC-B1FF-4547-AAB7-BDC3E36A65C2}"
EndProject
Project("{FAE04EC0-301F-11D3-BF4B-00C04F79EFBC}") = "ItsDangerous.Tests", "ItsDangerous.Tests\ItsDangerous.Tests.csproj", "{D3F22A93-6CEA-4CB8-BECC-E8AE4E15E2FD}"
EndProject
Global
	GlobalSection(SolutionConfigurationPlatforms) = preSolution
		Debug|Any CPU = Debug|Any CPU
		Release|Any CPU = Release|Any CPU
	EndGlobalSection
	GlobalSection(ProjectConfigurationPlatforms) = postSolution
		{27DF63EC-B1FF-4547-AAB7-BDC3E36A65C2}.Debug|Any CPU.ActiveCfg = Debug|Any CPU
		{27DF63EC-B1FF-4547-AAB7-BDC3E36A65C2}.Debug|Any CPU.Build.0 = Debug|Any CPU
		{27DF63EC-B1FF-4547-AAB7-BDC3E36A65C2}.Release|Any CPU.ActiveCfg = Release|Any CPU
		{27DF63EC-B1FF-4547-AAB7-BDC3E36A65C2}.Release|Any CPU.Build.0 = Release|Any CPU
		{D3F22A93-6CEA-4CB8-BECC-E8AE4E15E2FD}.Debug|Any CPU.ActiveCfg = Debug|Any CPU
		{D3F22A93-6CEA-4CB8-BECC-E8AE4E15E2FD}.Debug|Any CPU.Build.0 = Debug|Any CPU
		{D3F22A93-6CEA-4CB8-BECC-E8AE4E15E2FD}.Release|Any CPU.ActiveCfg = Release|Any CPU
		{D3F22A93-6CEA-4CB8-BECC-E8AE4E15E2FD}.Release|Any CPU.Build.0 = Release|Any CPU
	EndGlobalSection
	GlobalSection(SolutionProperties) = preSolution
		HideSolutionNode = FALSE
	EndGlobalSection
EndGlobal
